// !$*UTF8*$!
{
	archiveVersion = 1;
	classes = {
	};
	objectVersion = 55;
	objects = {

/* Begin PBXBuildFile section */
		9C1C22862898004C00526B6C /* AppDelegate.swift in Sources */ = {isa = PBXBuildFile; fileRef = 9C1C22852898004C00526B6C /* AppDelegate.swift */; };
		9C1C22882898004C00526B6C /* SceneDelegate.swift in Sources */ = {isa = PBXBuildFile; fileRef = 9C1C22872898004C00526B6C /* SceneDelegate.swift */; };
		9C1C228F2898004E00526B6C /* Assets.xcassets in Resources */ = {isa = PBXBuildFile; fileRef = 9C1C228E2898004E00526B6C /* Assets.xcassets */; };
		9C1C22922898004E00526B6C /* LaunchScreen.storyboard in Resources */ = {isa = PBXBuildFile; fileRef = 9C1C22902898004E00526B6C /* LaunchScreen.storyboard */; };
		9C1C229D2898004F00526B6C /* BankAppTests.swift in Sources */ = {isa = PBXBuildFile; fileRef = 9C1C229C2898004F00526B6C /* BankAppTests.swift */; };
		9C1C22A72898004F00526B6C /* BankAppUITests.swift in Sources */ = {isa = PBXBuildFile; fileRef = 9C1C22A62898004F00526B6C /* BankAppUITests.swift */; };
		9C1C22A92898004F00526B6C /* BankAppUITestsLaunchTests.swift in Sources */ = {isa = PBXBuildFile; fileRef = 9C1C22A82898004F00526B6C /* BankAppUITestsLaunchTests.swift */; };
		9C1C22B8289800F100526B6C /* AppLightTheme.swift in Sources */ = {isa = PBXBuildFile; fileRef = 9C1C22B7289800F100526B6C /* AppLightTheme.swift */; };
		9C1C22BD289802C800526B6C /* HomeViewController.swift in Sources */ = {isa = PBXBuildFile; fileRef = 9C1C22BC289802C800526B6C /* HomeViewController.swift */; };
		9C1C22BF289802F800526B6C /* RootTabBarConfig.swift in Sources */ = {isa = PBXBuildFile; fileRef = 9C1C22BE289802F800526B6C /* RootTabBarConfig.swift */; };
		9C1C22C92898091D00526B6C /* ViewProtocols.swift in Sources */ = {isa = PBXBuildFile; fileRef = 9C1C22C82898091D00526B6C /* ViewProtocols.swift */; };
		9C1C22CE28980A7500526B6C /* UIView+Extensions.swift in Sources */ = {isa = PBXBuildFile; fileRef = 9C1C22CD28980A7500526B6C /* UIView+Extensions.swift */; };
		9C1C22D028980C6100526B6C /* HomeView.swift in Sources */ = {isa = PBXBuildFile; fileRef = 9C1C22CF28980C6100526B6C /* HomeView.swift */; };
		9C1C22D328981A9400526B6C /* AppLabel.swift in Sources */ = {isa = PBXBuildFile; fileRef = 9C1C22D228981A9400526B6C /* AppLabel.swift */; };
		9C1C22D62898218800526B6C /* AppButton.swift in Sources */ = {isa = PBXBuildFile; fileRef = 9C1C22D52898218800526B6C /* AppButton.swift */; };
		9C1C22D92898251000526B6C /* AppAmountHeader.swift in Sources */ = {isa = PBXBuildFile; fileRef = 9C1C22D82898251000526B6C /* AppAmountHeader.swift */; };
		9C1C22DD28982B2600526B6C /* PaymentsViewController.swift in Sources */ = {isa = PBXBuildFile; fileRef = 9C1C22DC28982B2600526B6C /* PaymentsViewController.swift */; };
		9C1C22DF28982B4400526B6C /* PaymentView.swift in Sources */ = {isa = PBXBuildFile; fileRef = 9C1C22DE28982B4400526B6C /* PaymentView.swift */; };
		9C1C22E228982D6D00526B6C /* CreditViewController.swift in Sources */ = {isa = PBXBuildFile; fileRef = 9C1C22E128982D6D00526B6C /* CreditViewController.swift */; };
		9C1C22E428982D7600526B6C /* CreditView.swift in Sources */ = {isa = PBXBuildFile; fileRef = 9C1C22E328982D7600526B6C /* CreditView.swift */; };
		9C1C22E728982EF100526B6C /* HistoryView.swift in Sources */ = {isa = PBXBuildFile; fileRef = 9C1C22E628982EF100526B6C /* HistoryView.swift */; };
		9C1C22E928982EFD00526B6C /* HistoryViewController.swift in Sources */ = {isa = PBXBuildFile; fileRef = 9C1C22E828982EFD00526B6C /* HistoryViewController.swift */; };
		9C3F3534289870B100932D88 /* AppImage.swift in Sources */ = {isa = PBXBuildFile; fileRef = 9C3F3533289870B100932D88 /* AppImage.swift */; };
		9C3F353628987D4100932D88 /* PaymentView+Extensions.swift in Sources */ = {isa = PBXBuildFile; fileRef = 9C3F353528987D4100932D88 /* PaymentView+Extensions.swift */; };
		9C3F353828987DBE00932D88 /* HomeView+Extensions.swift in Sources */ = {isa = PBXBuildFile; fileRef = 9C3F353728987DBE00932D88 /* HomeView+Extensions.swift */; };
		9C3F353B28987EC900932D88 /* PaymentModalController.swift in Sources */ = {isa = PBXBuildFile; fileRef = 9C3F353A28987EC900932D88 /* PaymentModalController.swift */; };
		9C3F353D28989A2A00932D88 /* AppSlider.swift in Sources */ = {isa = PBXBuildFile; fileRef = 9C3F353C28989A2A00932D88 /* AppSlider.swift */; };
		9C3F353F28989B3F00932D88 /* CreditView+Extensions.swift in Sources */ = {isa = PBXBuildFile; fileRef = 9C3F353E28989B3F00932D88 /* CreditView+Extensions.swift */; };
		9C3F354228989D7600932D88 /* TransactionHistory.swift in Sources */ = {isa = PBXBuildFile; fileRef = 9C3F354128989D7600932D88 /* TransactionHistory.swift */; };
		9C3F35452898A0CB00932D88 /* TransactionTableViewCell.swift in Sources */ = {isa = PBXBuildFile; fileRef = 9C3F35442898A0CB00932D88 /* TransactionTableViewCell.swift */; };
		9C3F35482898B65D00932D88 /* UIAlertHelper.swift in Sources */ = {isa = PBXBuildFile; fileRef = 9C3F35472898B65D00932D88 /* UIAlertHelper.swift */; };
		9CC296E3289C9EC9003750FE /* CollectionActionCell.swift in Sources */ = {isa = PBXBuildFile; fileRef = 9CC296E2289C9EC9003750FE /* CollectionActionCell.swift */; };
		9CC296E5289C9FB8003750FE /* HomeViewController+Extensions.swift in Sources */ = {isa = PBXBuildFile; fileRef = 9CC296E4289C9FB8003750FE /* HomeViewController+Extensions.swift */; };
		9CC296E7289CA4AF003750FE /* HomeAction.swift in Sources */ = {isa = PBXBuildFile; fileRef = 9CC296E6289CA4AF003750FE /* HomeAction.swift */; };
/* End PBXBuildFile section */

/* Begin PBXContainerItemProxy section */
		9C1C22992898004F00526B6C /* PBXContainerItemProxy */ = {
			isa = PBXContainerItemProxy;
			containerPortal = 9C1C227A2898004C00526B6C /* Project object */;
			proxyType = 1;
			remoteGlobalIDString = 9C1C22812898004C00526B6C;
			remoteInfo = BankApp;
		};
		9C1C22A32898004F00526B6C /* PBXContainerItemProxy */ = {
			isa = PBXContainerItemProxy;
			containerPortal = 9C1C227A2898004C00526B6C /* Project object */;
			proxyType = 1;
			remoteGlobalIDString = 9C1C22812898004C00526B6C;
			remoteInfo = BankApp;
		};
/* End PBXContainerItemProxy section */

/* Begin PBXFileReference section */
		9C1C22822898004C00526B6C /* BankApp.app */ = {isa = PBXFileReference; explicitFileType = wrapper.application; includeInIndex = 0; path = BankApp.app; sourceTree = BUILT_PRODUCTS_DIR; };
		9C1C22852898004C00526B6C /* AppDelegate.swift */ = {isa = PBXFileReference; lastKnownFileType = sourcecode.swift; path = AppDelegate.swift; sourceTree = "<group>"; };
		9C1C22872898004C00526B6C /* SceneDelegate.swift */ = {isa = PBXFileReference; lastKnownFileType = sourcecode.swift; path = SceneDelegate.swift; sourceTree = "<group>"; };
		9C1C228E2898004E00526B6C /* Assets.xcassets */ = {isa = PBXFileReference; lastKnownFileType = folder.assetcatalog; path = Assets.xcassets; sourceTree = "<group>"; };
		9C1C22912898004E00526B6C /* Base */ = {isa = PBXFileReference; lastKnownFileType = file.storyboard; name = Base; path = Base.lproj/LaunchScreen.storyboard; sourceTree = "<group>"; };
		9C1C22932898004E00526B6C /* Info.plist */ = {isa = PBXFileReference; lastKnownFileType = text.plist.xml; path = Info.plist; sourceTree = "<group>"; };
		9C1C22982898004F00526B6C /* BankAppTests.xctest */ = {isa = PBXFileReference; explicitFileType = wrapper.cfbundle; includeInIndex = 0; path = BankAppTests.xctest; sourceTree = BUILT_PRODUCTS_DIR; };
		9C1C229C2898004F00526B6C /* BankAppTests.swift */ = {isa = PBXFileReference; lastKnownFileType = sourcecode.swift; path = BankAppTests.swift; sourceTree = "<group>"; };
		9C1C22A22898004F00526B6C /* BankAppUITests.xctest */ = {isa = PBXFileReference; explicitFileType = wrapper.cfbundle; includeInIndex = 0; path = BankAppUITests.xctest; sourceTree = BUILT_PRODUCTS_DIR; };
		9C1C22A62898004F00526B6C /* BankAppUITests.swift */ = {isa = PBXFileReference; lastKnownFileType = sourcecode.swift; path = BankAppUITests.swift; sourceTree = "<group>"; };
		9C1C22A82898004F00526B6C /* BankAppUITestsLaunchTests.swift */ = {isa = PBXFileReference; lastKnownFileType = sourcecode.swift; path = BankAppUITestsLaunchTests.swift; sourceTree = "<group>"; };
		9C1C22B7289800F100526B6C /* AppLightTheme.swift */ = {isa = PBXFileReference; lastKnownFileType = sourcecode.swift; path = AppLightTheme.swift; sourceTree = "<group>"; };
		9C1C22BC289802C800526B6C /* HomeViewController.swift */ = {isa = PBXFileReference; lastKnownFileType = sourcecode.swift; path = HomeViewController.swift; sourceTree = "<group>"; };
		9C1C22BE289802F800526B6C /* RootTabBarConfig.swift */ = {isa = PBXFileReference; lastKnownFileType = sourcecode.swift; path = RootTabBarConfig.swift; sourceTree = "<group>"; };
		9C1C22C82898091D00526B6C /* ViewProtocols.swift */ = {isa = PBXFileReference; lastKnownFileType = sourcecode.swift; path = ViewProtocols.swift; sourceTree = "<group>"; };
		9C1C22CD28980A7500526B6C /* UIView+Extensions.swift */ = {isa = PBXFileReference; lastKnownFileType = sourcecode.swift; path = "UIView+Extensions.swift"; sourceTree = "<group>"; };
		9C1C22CF28980C6100526B6C /* HomeView.swift */ = {isa = PBXFileReference; lastKnownFileType = sourcecode.swift; path = HomeView.swift; sourceTree = "<group>"; };
		9C1C22D228981A9400526B6C /* AppLabel.swift */ = {isa = PBXFileReference; lastKnownFileType = sourcecode.swift; path = AppLabel.swift; sourceTree = "<group>"; };
		9C1C22D52898218800526B6C /* AppButton.swift */ = {isa = PBXFileReference; lastKnownFileType = sourcecode.swift; path = AppButton.swift; sourceTree = "<group>"; };
		9C1C22D82898251000526B6C /* AppAmountHeader.swift */ = {isa = PBXFileReference; lastKnownFileType = sourcecode.swift; path = AppAmountHeader.swift; sourceTree = "<group>"; };
		9C1C22DC28982B2600526B6C /* PaymentsViewController.swift */ = {isa = PBXFileReference; lastKnownFileType = sourcecode.swift; path = PaymentsViewController.swift; sourceTree = "<group>"; };
		9C1C22DE28982B4400526B6C /* PaymentView.swift */ = {isa = PBXFileReference; lastKnownFileType = sourcecode.swift; path = PaymentView.swift; sourceTree = "<group>"; };
		9C1C22E128982D6D00526B6C /* CreditViewController.swift */ = {isa = PBXFileReference; lastKnownFileType = sourcecode.swift; path = CreditViewController.swift; sourceTree = "<group>"; };
		9C1C22E328982D7600526B6C /* CreditView.swift */ = {isa = PBXFileReference; lastKnownFileType = sourcecode.swift; path = CreditView.swift; sourceTree = "<group>"; };
		9C1C22E628982EF100526B6C /* HistoryView.swift */ = {isa = PBXFileReference; lastKnownFileType = sourcecode.swift; path = HistoryView.swift; sourceTree = "<group>"; };
		9C1C22E828982EFD00526B6C /* HistoryViewController.swift */ = {isa = PBXFileReference; lastKnownFileType = sourcecode.swift; path = HistoryViewController.swift; sourceTree = "<group>"; };
		9C3F3533289870B100932D88 /* AppImage.swift */ = {isa = PBXFileReference; lastKnownFileType = sourcecode.swift; path = AppImage.swift; sourceTree = "<group>"; };
		9C3F353528987D4100932D88 /* PaymentView+Extensions.swift */ = {isa = PBXFileReference; lastKnownFileType = sourcecode.swift; path = "PaymentView+Extensions.swift"; sourceTree = "<group>"; };
		9C3F353728987DBE00932D88 /* HomeView+Extensions.swift */ = {isa = PBXFileReference; lastKnownFileType = sourcecode.swift; path = "HomeView+Extensions.swift"; sourceTree = "<group>"; };
		9C3F353A28987EC900932D88 /* PaymentModalController.swift */ = {isa = PBXFileReference; lastKnownFileType = sourcecode.swift; path = PaymentModalController.swift; sourceTree = "<group>"; };
		9C3F353C28989A2A00932D88 /* AppSlider.swift */ = {isa = PBXFileReference; lastKnownFileType = sourcecode.swift; path = AppSlider.swift; sourceTree = "<group>"; };
		9C3F353E28989B3F00932D88 /* CreditView+Extensions.swift */ = {isa = PBXFileReference; lastKnownFileType = sourcecode.swift; path = "CreditView+Extensions.swift"; sourceTree = "<group>"; };
		9C3F354128989D7600932D88 /* TransactionHistory.swift */ = {isa = PBXFileReference; lastKnownFileType = sourcecode.swift; path = TransactionHistory.swift; sourceTree = "<group>"; };
		9C3F35442898A0CB00932D88 /* TransactionTableViewCell.swift */ = {isa = PBXFileReference; lastKnownFileType = sourcecode.swift; path = TransactionTableViewCell.swift; sourceTree = "<group>"; };
		9C3F35472898B65D00932D88 /* UIAlertHelper.swift */ = {isa = PBXFileReference; lastKnownFileType = sourcecode.swift; path = UIAlertHelper.swift; sourceTree = "<group>"; };
		9CC296E2289C9EC9003750FE /* CollectionActionCell.swift */ = {isa = PBXFileReference; lastKnownFileType = sourcecode.swift; path = CollectionActionCell.swift; sourceTree = "<group>"; };
		9CC296E4289C9FB8003750FE /* HomeViewController+Extensions.swift */ = {isa = PBXFileReference; lastKnownFileType = sourcecode.swift; path = "HomeViewController+Extensions.swift"; sourceTree = "<group>"; };
		9CC296E6289CA4AF003750FE /* HomeAction.swift */ = {isa = PBXFileReference; lastKnownFileType = sourcecode.swift; path = HomeAction.swift; sourceTree = "<group>"; };
/* End PBXFileReference section */

/* Begin PBXFrameworksBuildPhase section */
		9C1C227F2898004C00526B6C /* Frameworks */ = {
			isa = PBXFrameworksBuildPhase;
			buildActionMask = 2147483647;
			files = (
			);
			runOnlyForDeploymentPostprocessing = 0;
		};
		9C1C22952898004F00526B6C /* Frameworks */ = {
			isa = PBXFrameworksBuildPhase;
			buildActionMask = 2147483647;
			files = (
			);
			runOnlyForDeploymentPostprocessing = 0;
		};
		9C1C229F2898004F00526B6C /* Frameworks */ = {
			isa = PBXFrameworksBuildPhase;
			buildActionMask = 2147483647;
			files = (
			);
			runOnlyForDeploymentPostprocessing = 0;
		};
/* End PBXFrameworksBuildPhase section */

/* Begin PBXGroup section */
		9C1C22792898004C00526B6C = {
			isa = PBXGroup;
			children = (
				9C1C22842898004C00526B6C /* BankApp */,
				9C1C229B2898004F00526B6C /* BankAppTests */,
				9C1C22A52898004F00526B6C /* BankAppUITests */,
				9C1C22832898004C00526B6C /* Products */,
			);
			sourceTree = "<group>";
		};
		9C1C22832898004C00526B6C /* Products */ = {
			isa = PBXGroup;
			children = (
				9C1C22822898004C00526B6C /* BankApp.app */,
				9C1C22982898004F00526B6C /* BankAppTests.xctest */,
				9C1C22A22898004F00526B6C /* BankAppUITests.xctest */,
			);
			name = Products;
			sourceTree = "<group>";
		};
		9C1C22842898004C00526B6C /* BankApp */ = {
			isa = PBXGroup;
			children = (
				9C3F35462898B65200932D88 /* Helpers */,
				9C3F354028989D0C00932D88 /* Models */,
				9C1C22C6289808F800526B6C /* Protocols */,
				9C1C22CC28980A6400526B6C /* Extensions */,
				9C1C22C02898080100526B6C /* Components */,
				9C1C22BA289802A900526B6C /* Modules */,
				9C1C22B92898020800526B6C /* Application */,
				9C1C22B5289800C700526B6C /* Resources */,
				9C1C22B6289800E200526B6C /* Theme */,
				9C1C22932898004E00526B6C /* Info.plist */,
			);
			path = BankApp;
			sourceTree = "<group>";
		};
		9C1C229B2898004F00526B6C /* BankAppTests */ = {
			isa = PBXGroup;
			children = (
				9C1C229C2898004F00526B6C /* BankAppTests.swift */,
			);
			path = BankAppTests;
			sourceTree = "<group>";
		};
		9C1C22A52898004F00526B6C /* BankAppUITests */ = {
			isa = PBXGroup;
			children = (
				9C1C22A62898004F00526B6C /* BankAppUITests.swift */,
				9C1C22A82898004F00526B6C /* BankAppUITestsLaunchTests.swift */,
			);
			path = BankAppUITests;
			sourceTree = "<group>";
		};
		9C1C22B5289800C700526B6C /* Resources */ = {
			isa = PBXGroup;
			children = (
				9C1C228E2898004E00526B6C /* Assets.xcassets */,
				9C1C22902898004E00526B6C /* LaunchScreen.storyboard */,
			);
			path = Resources;
			sourceTree = "<group>";
		};
		9C1C22B6289800E200526B6C /* Theme */ = {
			isa = PBXGroup;
			children = (
				9C1C22B7289800F100526B6C /* AppLightTheme.swift */,
			);
			path = Theme;
			sourceTree = "<group>";
		};
		9C1C22B92898020800526B6C /* Application */ = {
			isa = PBXGroup;
			children = (
				9C1C22852898004C00526B6C /* AppDelegate.swift */,
				9C1C22872898004C00526B6C /* SceneDelegate.swift */,
				9C1C22BE289802F800526B6C /* RootTabBarConfig.swift */,
			);
			path = Application;
			sourceTree = "<group>";
		};
		9C1C22BA289802A900526B6C /* Modules */ = {
			isa = PBXGroup;
			children = (
				9C1C22E528982EE200526B6C /* History */,
				9C1C22E028982D5000526B6C /* Credit */,
				9C1C22DA28982B0800526B6C /* Payments */,
				9C1C22BB289802BA00526B6C /* Home */,
			);
			path = Modules;
			sourceTree = "<group>";
		};
		9C1C22BB289802BA00526B6C /* Home */ = {
			isa = PBXGroup;
			children = (
				9CC296E1289C9DB5003750FE /* Cell */,
				9C1C22BC289802C800526B6C /* HomeViewController.swift */,
				9C1C22CF28980C6100526B6C /* HomeView.swift */,
				9C3F353728987DBE00932D88 /* HomeView+Extensions.swift */,
				9CC296E4289C9FB8003750FE /* HomeViewController+Extensions.swift */,
			);
			path = Home;
			sourceTree = "<group>";
		};
		9C1C22C02898080100526B6C /* Components */ = {
			isa = PBXGroup;
			children = (
				9C1C22D72898250200526B6C /* Custom */,
				9C1C22D128981A8900526B6C /* Generic */,
			);
			path = Components;
			sourceTree = "<group>";
		};
		9C1C22C6289808F800526B6C /* Protocols */ = {
			isa = PBXGroup;
			children = (
				9C1C22C82898091D00526B6C /* ViewProtocols.swift */,
			);
			path = Protocols;
			sourceTree = "<group>";
		};
		9C1C22CC28980A6400526B6C /* Extensions */ = {
			isa = PBXGroup;
			children = (
				9C1C22CD28980A7500526B6C /* UIView+Extensions.swift */,
			);
			path = Extensions;
			sourceTree = "<group>";
		};
		9C1C22D128981A8900526B6C /* Generic */ = {
			isa = PBXGroup;
			children = (
				9C1C22D228981A9400526B6C /* AppLabel.swift */,
				9C1C22D52898218800526B6C /* AppButton.swift */,
				9C3F3533289870B100932D88 /* AppImage.swift */,
				9C3F353C28989A2A00932D88 /* AppSlider.swift */,
			);
			path = Generic;
			sourceTree = "<group>";
		};
		9C1C22D72898250200526B6C /* Custom */ = {
			isa = PBXGroup;
			children = (
				9C1C22D82898251000526B6C /* AppAmountHeader.swift */,
			);
			path = Custom;
			sourceTree = "<group>";
		};
		9C1C22DA28982B0800526B6C /* Payments */ = {
			isa = PBXGroup;
			children = (
				9C3F353928987EB500932D88 /* modal */,
				9C1C22DC28982B2600526B6C /* PaymentsViewController.swift */,
				9C1C22DE28982B4400526B6C /* PaymentView.swift */,
				9C3F353528987D4100932D88 /* PaymentView+Extensions.swift */,
			);
			path = Payments;
			sourceTree = "<group>";
		};
		9C1C22E028982D5000526B6C /* Credit */ = {
			isa = PBXGroup;
			children = (
				9C1C22E128982D6D00526B6C /* CreditViewController.swift */,
				9C1C22E328982D7600526B6C /* CreditView.swift */,
				9C3F353E28989B3F00932D88 /* CreditView+Extensions.swift */,
			);
			path = Credit;
			sourceTree = "<group>";
		};
		9C1C22E528982EE200526B6C /* History */ = {
			isa = PBXGroup;
			children = (
				9C3F35432898A0B300932D88 /* TransactionTableViewCell */,
				9C1C22E628982EF100526B6C /* HistoryView.swift */,
				9C1C22E828982EFD00526B6C /* HistoryViewController.swift */,
			);
			path = History;
			sourceTree = "<group>";
		};
		9C3F353928987EB500932D88 /* modal */ = {
			isa = PBXGroup;
			children = (
				9C3F353A28987EC900932D88 /* PaymentModalController.swift */,
			);
			path = modal;
			sourceTree = "<group>";
		};
		9C3F354028989D0C00932D88 /* Models */ = {
			isa = PBXGroup;
			children = (
				9C3F354128989D7600932D88 /* TransactionHistory.swift */,
				9CC296E6289CA4AF003750FE /* HomeAction.swift */,
			);
			path = Models;
			sourceTree = "<group>";
		};
		9C3F35432898A0B300932D88 /* TransactionTableViewCell */ = {
			isa = PBXGroup;
			children = (
				9C3F35442898A0CB00932D88 /* TransactionTableViewCell.swift */,
			);
			path = TransactionTableViewCell;
			sourceTree = "<group>";
		};
		9C3F35462898B65200932D88 /* Helpers */ = {
			isa = PBXGroup;
			children = (
				9C3F35472898B65D00932D88 /* UIAlertHelper.swift */,
			);
			path = Helpers;
			sourceTree = "<group>";
		};
		9CC296E1289C9DB5003750FE /* Cell */ = {
			isa = PBXGroup;
			children = (
				9CC296E2289C9EC9003750FE /* CollectionActionCell.swift */,
			);
			path = Cell;
			sourceTree = "<group>";
		};
/* End PBXGroup section */

/* Begin PBXNativeTarget section */
		9C1C22812898004C00526B6C /* BankApp */ = {
			isa = PBXNativeTarget;
			buildConfigurationList = 9C1C22AC2898004F00526B6C /* Build configuration list for PBXNativeTarget "BankApp" */;
			buildPhases = (
				9C1C227E2898004C00526B6C /* Sources */,
				9C1C227F2898004C00526B6C /* Frameworks */,
				9C1C22802898004C00526B6C /* Resources */,
			);
			buildRules = (
			);
			dependencies = (
			);
			name = BankApp;
			productName = BankApp;
			productReference = 9C1C22822898004C00526B6C /* BankApp.app */;
			productType = "com.apple.product-type.application";
		};
		9C1C22972898004F00526B6C /* BankAppTests */ = {
			isa = PBXNativeTarget;
			buildConfigurationList = 9C1C22AF2898004F00526B6C /* Build configuration list for PBXNativeTarget "BankAppTests" */;
			buildPhases = (
				9C1C22942898004F00526B6C /* Sources */,
				9C1C22952898004F00526B6C /* Frameworks */,
				9C1C22962898004F00526B6C /* Resources */,
			);
			buildRules = (
			);
			dependencies = (
				9C1C229A2898004F00526B6C /* PBXTargetDependency */,
			);
			name = BankAppTests;
			productName = BankAppTests;
			productReference = 9C1C22982898004F00526B6C /* BankAppTests.xctest */;
			productType = "com.apple.product-type.bundle.unit-test";
		};
		9C1C22A12898004F00526B6C /* BankAppUITests */ = {
			isa = PBXNativeTarget;
			buildConfigurationList = 9C1C22B22898004F00526B6C /* Build configuration list for PBXNativeTarget "BankAppUITests" */;
			buildPhases = (
				9C1C229E2898004F00526B6C /* Sources */,
				9C1C229F2898004F00526B6C /* Frameworks */,
				9C1C22A02898004F00526B6C /* Resources */,
			);
			buildRules = (
			);
			dependencies = (
				9C1C22A42898004F00526B6C /* PBXTargetDependency */,
			);
			name = BankAppUITests;
			productName = BankAppUITests;
			productReference = 9C1C22A22898004F00526B6C /* BankAppUITests.xctest */;
			productType = "com.apple.product-type.bundle.ui-testing";
		};
/* End PBXNativeTarget section */

/* Begin PBXProject section */
		9C1C227A2898004C00526B6C /* Project object */ = {
			isa = PBXProject;
			attributes = {
				BuildIndependentTargetsInParallel = 1;
				LastSwiftUpdateCheck = 1330;
				LastUpgradeCheck = 1330;
				TargetAttributes = {
					9C1C22812898004C00526B6C = {
						CreatedOnToolsVersion = 13.3.1;
					};
					9C1C22972898004F00526B6C = {
						CreatedOnToolsVersion = 13.3.1;
						TestTargetID = 9C1C22812898004C00526B6C;
					};
					9C1C22A12898004F00526B6C = {
						CreatedOnToolsVersion = 13.3.1;
						TestTargetID = 9C1C22812898004C00526B6C;
					};
				};
			};
			buildConfigurationList = 9C1C227D2898004C00526B6C /* Build configuration list for PBXProject "BankApp" */;
			compatibilityVersion = "Xcode 13.0";
			developmentRegion = en;
			hasScannedForEncodings = 0;
			knownRegions = (
				en,
				Base,
			);
			mainGroup = 9C1C22792898004C00526B6C;
			productRefGroup = 9C1C22832898004C00526B6C /* Products */;
			projectDirPath = "";
			projectRoot = "";
			targets = (
				9C1C22812898004C00526B6C /* BankApp */,
				9C1C22972898004F00526B6C /* BankAppTests */,
				9C1C22A12898004F00526B6C /* BankAppUITests */,
			);
		};
/* End PBXProject section */

/* Begin PBXResourcesBuildPhase section */
		9C1C22802898004C00526B6C /* Resources */ = {
			isa = PBXResourcesBuildPhase;
			buildActionMask = 2147483647;
			files = (
				9C1C22922898004E00526B6C /* LaunchScreen.storyboard in Resources */,
				9C1C228F2898004E00526B6C /* Assets.xcassets in Resources */,
			);
			runOnlyForDeploymentPostprocessing = 0;
		};
		9C1C22962898004F00526B6C /* Resources */ = {
			isa = PBXResourcesBuildPhase;
			buildActionMask = 2147483647;
			files = (
			);
			runOnlyForDeploymentPostprocessing = 0;
		};
		9C1C22A02898004F00526B6C /* Resources */ = {
			isa = PBXResourcesBuildPhase;
			buildActionMask = 2147483647;
			files = (
			);
			runOnlyForDeploymentPostprocessing = 0;
		};
/* End PBXResourcesBuildPhase section */

/* Begin PBXSourcesBuildPhase section */
		9C1C227E2898004C00526B6C /* Sources */ = {
			isa = PBXSourcesBuildPhase;
			buildActionMask = 2147483647;
			files = (
				9C1C22862898004C00526B6C /* AppDelegate.swift in Sources */,
				9C1C22D328981A9400526B6C /* AppLabel.swift in Sources */,
				9C1C22882898004C00526B6C /* SceneDelegate.swift in Sources */,
				9C3F353F28989B3F00932D88 /* CreditView+Extensions.swift in Sources */,
				9C3F353828987DBE00932D88 /* HomeView+Extensions.swift in Sources */,
				9C1C22DD28982B2600526B6C /* PaymentsViewController.swift in Sources */,
				9C3F35482898B65D00932D88 /* UIAlertHelper.swift in Sources */,
				9C1C22E428982D7600526B6C /* CreditView.swift in Sources */,
				9C3F353D28989A2A00932D88 /* AppSlider.swift in Sources */,
				9CC296E5289C9FB8003750FE /* HomeViewController+Extensions.swift in Sources */,
				9C1C22B8289800F100526B6C /* AppLightTheme.swift in Sources */,
				9C1C22D028980C6100526B6C /* HomeView.swift in Sources */,
				9C1C22CE28980A7500526B6C /* UIView+Extensions.swift in Sources */,
				9C3F354228989D7600932D88 /* TransactionHistory.swift in Sources */,
				9C1C22E228982D6D00526B6C /* CreditViewController.swift in Sources */,
				9C1C22E728982EF100526B6C /* HistoryView.swift in Sources */,
				9C1C22DF28982B4400526B6C /* PaymentView.swift in Sources */,
				9C1C22BF289802F800526B6C /* RootTabBarConfig.swift in Sources */,
				9C3F35452898A0CB00932D88 /* TransactionTableViewCell.swift in Sources */,
				9C1C22BD289802C800526B6C /* HomeViewController.swift in Sources */,
				9C3F353628987D4100932D88 /* PaymentView+Extensions.swift in Sources */,
				9CC296E7289CA4AF003750FE /* HomeAction.swift in Sources */,
				9C1C22C92898091D00526B6C /* ViewProtocols.swift in Sources */,
				9C1C22D62898218800526B6C /* AppButton.swift in Sources */,
				9C3F353B28987EC900932D88 /* PaymentModalController.swift in Sources */,
				9C1C22E928982EFD00526B6C /* HistoryViewController.swift in Sources */,
				9C1C22D92898251000526B6C /* AppAmountHeader.swift in Sources */,
				9CC296E3289C9EC9003750FE /* CollectionActionCell.swift in Sources */,
				9C3F3534289870B100932D88 /* AppImage.swift in Sources */,
			);
			runOnlyForDeploymentPostprocessing = 0;
		};
		9C1C22942898004F00526B6C /* Sources */ = {
			isa = PBXSourcesBuildPhase;
			buildActionMask = 2147483647;
			files = (
				9C1C229D2898004F00526B6C /* BankAppTests.swift in Sources */,
			);
			runOnlyForDeploymentPostprocessing = 0;
		};
		9C1C229E2898004F00526B6C /* Sources */ = {
			isa = PBXSourcesBuildPhase;
			buildActionMask = 2147483647;
			files = (
				9C1C22A92898004F00526B6C /* BankAppUITestsLaunchTests.swift in Sources */,
				9C1C22A72898004F00526B6C /* BankAppUITests.swift in Sources */,
			);
			runOnlyForDeploymentPostprocessing = 0;
		};
/* End PBXSourcesBuildPhase section */

/* Begin PBXTargetDependency section */
		9C1C229A2898004F00526B6C /* PBXTargetDependency */ = {
			isa = PBXTargetDependency;
			target = 9C1C22812898004C00526B6C /* BankApp */;
			targetProxy = 9C1C22992898004F00526B6C /* PBXContainerItemProxy */;
		};
		9C1C22A42898004F00526B6C /* PBXTargetDependency */ = {
			isa = PBXTargetDependency;
			target = 9C1C22812898004C00526B6C /* BankApp */;
			targetProxy = 9C1C22A32898004F00526B6C /* PBXContainerItemProxy */;
		};
/* End PBXTargetDependency section */

/* Begin PBXVariantGroup section */
		9C1C22902898004E00526B6C /* LaunchScreen.storyboard */ = {
			isa = PBXVariantGroup;
			children = (
				9C1C22912898004E00526B6C /* Base */,
			);
			name = LaunchScreen.storyboard;
			sourceTree = "<group>";
		};
/* End PBXVariantGroup section */

/* Begin XCBuildConfiguration section */
		9C1C22AA2898004F00526B6C /* Debug */ = {
			isa = XCBuildConfiguration;
			buildSettings = {
				ALWAYS_SEARCH_USER_PATHS = NO;
				CLANG_ANALYZER_NONNULL = YES;
				CLANG_ANALYZER_NUMBER_OBJECT_CONVERSION = YES_AGGRESSIVE;
				CLANG_CXX_LANGUAGE_STANDARD = "gnu++17";
				CLANG_ENABLE_MODULES = YES;
				CLANG_ENABLE_OBJC_ARC = YES;
				CLANG_ENABLE_OBJC_WEAK = YES;
				CLANG_WARN_BLOCK_CAPTURE_AUTORELEASING = YES;
				CLANG_WARN_BOOL_CONVERSION = YES;
				CLANG_WARN_COMMA = YES;
				CLANG_WARN_CONSTANT_CONVERSION = YES;
				CLANG_WARN_DEPRECATED_OBJC_IMPLEMENTATIONS = YES;
				CLANG_WARN_DIRECT_OBJC_ISA_USAGE = YES_ERROR;
				CLANG_WARN_DOCUMENTATION_COMMENTS = YES;
				CLANG_WARN_EMPTY_BODY = YES;
				CLANG_WARN_ENUM_CONVERSION = YES;
				CLANG_WARN_INFINITE_RECURSION = YES;
				CLANG_WARN_INT_CONVERSION = YES;
				CLANG_WARN_NON_LITERAL_NULL_CONVERSION = YES;
				CLANG_WARN_OBJC_IMPLICIT_RETAIN_SELF = YES;
				CLANG_WARN_OBJC_LITERAL_CONVERSION = YES;
				CLANG_WARN_OBJC_ROOT_CLASS = YES_ERROR;
				CLANG_WARN_QUOTED_INCLUDE_IN_FRAMEWORK_HEADER = YES;
				CLANG_WARN_RANGE_LOOP_ANALYSIS = YES;
				CLANG_WARN_STRICT_PROTOTYPES = YES;
				CLANG_WARN_SUSPICIOUS_MOVE = YES;
				CLANG_WARN_UNGUARDED_AVAILABILITY = YES_AGGRESSIVE;
				CLANG_WARN_UNREACHABLE_CODE = YES;
				CLANG_WARN__DUPLICATE_METHOD_MATCH = YES;
				COPY_PHASE_STRIP = NO;
				DEBUG_INFORMATION_FORMAT = dwarf;
				ENABLE_STRICT_OBJC_MSGSEND = YES;
				ENABLE_TESTABILITY = YES;
				GCC_C_LANGUAGE_STANDARD = gnu11;
				GCC_DYNAMIC_NO_PIC = NO;
				GCC_NO_COMMON_BLOCKS = YES;
				GCC_OPTIMIZATION_LEVEL = 0;
				GCC_PREPROCESSOR_DEFINITIONS = (
					"DEBUG=1",
					"$(inherited)",
				);
				GCC_WARN_64_TO_32_BIT_CONVERSION = YES;
				GCC_WARN_ABOUT_RETURN_TYPE = YES_ERROR;
				GCC_WARN_UNDECLARED_SELECTOR = YES;
				GCC_WARN_UNINITIALIZED_AUTOS = YES_AGGRESSIVE;
				GCC_WARN_UNUSED_FUNCTION = YES;
				GCC_WARN_UNUSED_VARIABLE = YES;
				IPHONEOS_DEPLOYMENT_TARGET = 15.4;
				MTL_ENABLE_DEBUG_INFO = INCLUDE_SOURCE;
				MTL_FAST_MATH = YES;
				ONLY_ACTIVE_ARCH = YES;
				SDKROOT = iphoneos;
				SWIFT_ACTIVE_COMPILATION_CONDITIONS = DEBUG;
				SWIFT_OPTIMIZATION_LEVEL = "-Onone";
			};
			name = Debug;
		};
		9C1C22AB2898004F00526B6C /* Release */ = {
			isa = XCBuildConfiguration;
			buildSettings = {
				ALWAYS_SEARCH_USER_PATHS = NO;
				CLANG_ANALYZER_NONNULL = YES;
				CLANG_ANALYZER_NUMBER_OBJECT_CONVERSION = YES_AGGRESSIVE;
				CLANG_CXX_LANGUAGE_STANDARD = "gnu++17";
				CLANG_ENABLE_MODULES = YES;
				CLANG_ENABLE_OBJC_ARC = YES;
				CLANG_ENABLE_OBJC_WEAK = YES;
				CLANG_WARN_BLOCK_CAPTURE_AUTORELEASING = YES;
				CLANG_WARN_BOOL_CONVERSION = YES;
				CLANG_WARN_COMMA = YES;
				CLANG_WARN_CONSTANT_CONVERSION = YES;
				CLANG_WARN_DEPRECATED_OBJC_IMPLEMENTATIONS = YES;
				CLANG_WARN_DIRECT_OBJC_ISA_USAGE = YES_ERROR;
				CLANG_WARN_DOCUMENTATION_COMMENTS = YES;
				CLANG_WARN_EMPTY_BODY = YES;
				CLANG_WARN_ENUM_CONVERSION = YES;
				CLANG_WARN_INFINITE_RECURSION = YES;
				CLANG_WARN_INT_CONVERSION = YES;
				CLANG_WARN_NON_LITERAL_NULL_CONVERSION = YES;
				CLANG_WARN_OBJC_IMPLICIT_RETAIN_SELF = YES;
				CLANG_WARN_OBJC_LITERAL_CONVERSION = YES;
				CLANG_WARN_OBJC_ROOT_CLASS = YES_ERROR;
				CLANG_WARN_QUOTED_INCLUDE_IN_FRAMEWORK_HEADER = YES;
				CLANG_WARN_RANGE_LOOP_ANALYSIS = YES;
				CLANG_WARN_STRICT_PROTOTYPES = YES;
				CLANG_WARN_SUSPICIOUS_MOVE = YES;
				CLANG_WARN_UNGUARDED_AVAILABILITY = YES_AGGRESSIVE;
				CLANG_WARN_UNREACHABLE_CODE = YES;
				CLANG_WARN__DUPLICATE_METHOD_MATCH = YES;
				COPY_PHASE_STRIP = NO;
				DEBUG_INFORMATION_FORMAT = "dwarf-with-dsym";
				ENABLE_NS_ASSERTIONS = NO;
				ENABLE_STRICT_OBJC_MSGSEND = YES;
				GCC_C_LANGUAGE_STANDARD = gnu11;
				GCC_NO_COMMON_BLOCKS = YES;
				GCC_WARN_64_TO_32_BIT_CONVERSION = YES;
				GCC_WARN_ABOUT_RETURN_TYPE = YES_ERROR;
				GCC_WARN_UNDECLARED_SELECTOR = YES;
				GCC_WARN_UNINITIALIZED_AUTOS = YES_AGGRESSIVE;
				GCC_WARN_UNUSED_FUNCTION = YES;
				GCC_WARN_UNUSED_VARIABLE = YES;
				IPHONEOS_DEPLOYMENT_TARGET = 15.4;
				MTL_ENABLE_DEBUG_INFO = NO;
				MTL_FAST_MATH = YES;
				SDKROOT = iphoneos;
				SWIFT_COMPILATION_MODE = wholemodule;
				SWIFT_OPTIMIZATION_LEVEL = "-O";
				VALIDATE_PRODUCT = YES;
			};
			name = Release;
		};
		9C1C22AD2898004F00526B6C /* Debug */ = {
			isa = XCBuildConfiguration;
			buildSettings = {
				ASSETCATALOG_COMPILER_APPICON_NAME = AppIcon;
				ASSETCATALOG_COMPILER_GLOBAL_ACCENT_COLOR_NAME = AccentColor;
				CODE_SIGN_STYLE = Automatic;
				CURRENT_PROJECT_VERSION = 1;
				GENERATE_INFOPLIST_FILE = YES;
				INFOPLIST_FILE = BankApp/Info.plist;
				INFOPLIST_KEY_UIApplicationSupportsIndirectInputEvents = YES;
				INFOPLIST_KEY_UILaunchStoryboardName = LaunchScreen;
				INFOPLIST_KEY_UISupportedInterfaceOrientations_iPad = "UIInterfaceOrientationPortrait UIInterfaceOrientationPortraitUpsideDown UIInterfaceOrientationLandscapeLeft UIInterfaceOrientationLandscapeRight";
				INFOPLIST_KEY_UISupportedInterfaceOrientations_iPhone = "UIInterfaceOrientationPortrait UIInterfaceOrientationLandscapeLeft UIInterfaceOrientationLandscapeRight";
				LD_RUNPATH_SEARCH_PATHS = (
					"$(inherited)",
					"@executable_path/Frameworks",
				);
				MARKETING_VERSION = 1.0;
				PRODUCT_BUNDLE_IDENTIFIER = com.study.ios.BankApp;
				PRODUCT_NAME = "$(TARGET_NAME)";
				SWIFT_EMIT_LOC_STRINGS = YES;
				SWIFT_VERSION = 5.0;
				TARGETED_DEVICE_FAMILY = "1,2";
			};
			name = Debug;
		};
		9C1C22AE2898004F00526B6C /* Release */ = {
			isa = XCBuildConfiguration;
			buildSettings = {
				ASSETCATALOG_COMPILER_APPICON_NAME = AppIcon;
				ASSETCATALOG_COMPILER_GLOBAL_ACCENT_COLOR_NAME = AccentColor;
				CODE_SIGN_STYLE = Automatic;
				CURRENT_PROJECT_VERSION = 1;
				GENERATE_INFOPLIST_FILE = YES;
				INFOPLIST_FILE = BankApp/Info.plist;
				INFOPLIST_KEY_UIApplicationSupportsIndirectInputEvents = YES;
				INFOPLIST_KEY_UILaunchStoryboardName = LaunchScreen;
				INFOPLIST_KEY_UISupportedInterfaceOrientations_iPad = "UIInterfaceOrientationPortrait UIInterfaceOrientationPortraitUpsideDown UIInterfaceOrientationLandscapeLeft UIInterfaceOrientationLandscapeRight";
				INFOPLIST_KEY_UISupportedInterfaceOrientations_iPhone = "UIInterfaceOrientationPortrait UIInterfaceOrientationLandscapeLeft UIInterfaceOrientationLandscapeRight";
				LD_RUNPATH_SEARCH_PATHS = (
					"$(inherited)",
					"@executable_path/Frameworks",
				);
				MARKETING_VERSION = 1.0;
				PRODUCT_BUNDLE_IDENTIFIER = com.study.ios.BankApp;
				PRODUCT_NAME = "$(TARGET_NAME)";
				SWIFT_EMIT_LOC_STRINGS = YES;
				SWIFT_VERSION = 5.0;
				TARGETED_DEVICE_FAMILY = "1,2";
			};
			name = Release;
		};
		9C1C22B02898004F00526B6C /* Debug */ = {
			isa = XCBuildConfiguration;
			buildSettings = {
				ALWAYS_EMBED_SWIFT_STANDARD_LIBRARIES = YES;
				BUNDLE_LOADER = "$(TEST_HOST)";
				CODE_SIGN_STYLE = Automatic;
				CURRENT_PROJECT_VERSION = 1;
				GENERATE_INFOPLIST_FILE = YES;
				IPHONEOS_DEPLOYMENT_TARGET = 15.4;
				MARKETING_VERSION = 1.0;
				PRODUCT_BUNDLE_IDENTIFIER = com.study.ios.BankAppTests;
				PRODUCT_NAME = "$(TARGET_NAME)";
				SWIFT_EMIT_LOC_STRINGS = NO;
				SWIFT_VERSION = 5.0;
				TARGETED_DEVICE_FAMILY = "1,2";
				TEST_HOST = "$(BUILT_PRODUCTS_DIR)/BankApp.app/BankApp";
			};
			name = Debug;
		};
		9C1C22B12898004F00526B6C /* Release */ = {
			isa = XCBuildConfiguration;
			buildSettings = {
				ALWAYS_EMBED_SWIFT_STANDARD_LIBRARIES = YES;
				BUNDLE_LOADER = "$(TEST_HOST)";
				CODE_SIGN_STYLE = Automatic;
				CURRENT_PROJECT_VERSION = 1;
				GENERATE_INFOPLIST_FILE = YES;
				IPHONEOS_DEPLOYMENT_TARGET = 15.4;
				MARKETING_VERSION = 1.0;
				PRODUCT_BUNDLE_IDENTIFIER = com.study.ios.BankAppTests;
				PRODUCT_NAME = "$(TARGET_NAME)";
				SWIFT_EMIT_LOC_STRINGS = NO;
				SWIFT_VERSION = 5.0;
				TARGETED_DEVICE_FAMILY = "1,2";
				TEST_HOST = "$(BUILT_PRODUCTS_DIR)/BankApp.app/BankApp";
			};
			name = Release;
		};
		9C1C22B32898004F00526B6C /* Debug */ = {
			isa = XCBuildConfiguration;
			buildSettings = {
				ALWAYS_EMBED_SWIFT_STANDARD_LIBRARIES = YES;
				CODE_SIGN_STYLE = Automatic;
				CURRENT_PROJECT_VERSION = 1;
				GENERATE_INFOPLIST_FILE = YES;
				MARKETING_VERSION = 1.0;
				PRODUCT_BUNDLE_IDENTIFIER = com.study.ios.BankAppUITests;
				PRODUCT_NAME = "$(TARGET_NAME)";
				SWIFT_EMIT_LOC_STRINGS = NO;
				SWIFT_VERSION = 5.0;
				TARGETED_DEVICE_FAMILY = "1,2";
				TEST_TARGET_NAME = BankApp;
			};
			name = Debug;
		};
		9C1C22B42898004F00526B6C /* Release */ = {
			isa = XCBuildConfiguration;
			buildSettings = {
				ALWAYS_EMBED_SWIFT_STANDARD_LIBRARIES = YES;
				CODE_SIGN_STYLE = Automatic;
				CURRENT_PROJECT_VERSION = 1;
				GENERATE_INFOPLIST_FILE = YES;
				MARKETING_VERSION = 1.0;
				PRODUCT_BUNDLE_IDENTIFIER = com.study.ios.BankAppUITests;
				PRODUCT_NAME = "$(TARGET_NAME)";
				SWIFT_EMIT_LOC_STRINGS = NO;
				SWIFT_VERSION = 5.0;
				TARGETED_DEVICE_FAMILY = "1,2";
				TEST_TARGET_NAME = BankApp;
			};
			name = Release;
		};
/* End XCBuildConfiguration section */

/* Begin XCConfigurationList section */
		9C1C227D2898004C00526B6C /* Build configuration list for PBXProject "BankApp" */ = {
			isa = XCConfigurationList;
			buildConfigurations = (
				9C1C22AA2898004F00526B6C /* Debug */,
				9C1C22AB2898004F00526B6C /* Release */,
			);
			defaultConfigurationIsVisible = 0;
			defaultConfigurationName = Release;
		};
		9C1C22AC2898004F00526B6C /* Build configuration list for PBXNativeTarget "BankApp" */ = {
			isa = XCConfigurationList;
			buildConfigurations = (
				9C1C22AD2898004F00526B6C /* Debug */,
				9C1C22AE2898004F00526B6C /* Release */,
			);
			defaultConfigurationIsVisible = 0;
			defaultConfigurationName = Release;
		};
		9C1C22AF2898004F00526B6C /* Build configuration list for PBXNativeTarget "BankAppTests" */ = {
			isa = XCConfigurationList;
			buildConfigurations = (
				9C1C22B02898004F00526B6C /* Debug */,
				9C1C22B12898004F00526B6C /* Release */,
			);
			defaultConfigurationIsVisible = 0;
			defaultConfigurationName = Release;
		};
		9C1C22B22898004F00526B6C /* Build configuration list for PBXNativeTarget "BankAppUITests" */ = {
			isa = XCConfigurationList;
			buildConfigurations = (
				9C1C22B32898004F00526B6C /* Debug */,
				9C1C22B42898004F00526B6C /* Release */,
			);
			defaultConfigurationIsVisible = 0;
			defaultConfigurationName = Release;
		};
/* End XCConfigurationList section */
	};
	rootObject = 9C1C227A2898004C00526B6C /* Project object */;
}
